// !$*UTF8*$!
{
	archiveVersion = 1;
	classes = {
	};
	objectVersion = 54;
	objects = {

/* Begin PBXBuildFile section */
		B01C8758C7BE0AEBB07E7845 /* AppDelegate.swift in Sources */ = {isa = PBXBuildFile; fileRef = D4267AFDE533D1B91C89556E /* AppDelegate.swift */; };
		B42410FAAD75921774C393EB /* SceneDelegate.swift in Sources */ = {isa = PBXBuildFile; fileRef = 818D47257444B7A3A6B675B1 /* SceneDelegate.swift */; };
		F50A1E5B36DAFCE1CC7F4AA1 /* ViewController.swift in Sources */ = {isa = PBXBuildFile; fileRef = 5495A68210046A964928C050 /* ViewController.swift */; };
		FAEBA56210F236D1226256EE /* Pods_AdsYieldAdapterSample.framework in Frameworks */ = {isa = PBXBuildFile; fileRef = 08E32314C939C77264E59630 /* Pods_AdsYieldAdapterSample.framework */; };
/* End PBXBuildFile section */

/* Begin PBXFileReference section */
		08E32314C939C77264E59630 /* Pods_AdsYieldAdapterSample.framework */ = {isa = PBXFileReference; explicitFileType = wrapper.framework; includeInIndex = 0; path = Pods_AdsYieldAdapterSample.framework; sourceTree = BUILT_PRODUCTS_DIR; };
		5495A68210046A964928C050 /* ViewController.swift */ = {isa = PBXFileReference; lastKnownFileType = sourcecode.swift; path = ViewController.swift; sourceTree = "<group>"; };
		818D47257444B7A3A6B675B1 /* SceneDelegate.swift */ = {isa = PBXFileReference; lastKnownFileType = sourcecode.swift; path = SceneDelegate.swift; sourceTree = "<group>"; };
		8691D5249A03CD6520641204 /* Pods-AdsYieldAdapterSample.release.xcconfig */ = {isa = PBXFileReference; includeInIndex = 1; lastKnownFileType = text.xcconfig; name = "Pods-AdsYieldAdapterSample.release.xcconfig"; path = "Target Support Files/Pods-AdsYieldAdapterSample/Pods-AdsYieldAdapterSample.release.xcconfig"; sourceTree = "<group>"; };
		C2FC9FEE84B993C343F91F7D /* AdsYieldAdapterSample.app */ = {isa = PBXFileReference; includeInIndex = 0; lastKnownFileType = wrapper.application; path = AdsYieldAdapterSample.app; sourceTree = BUILT_PRODUCTS_DIR; };
		D4267AFDE533D1B91C89556E /* AppDelegate.swift */ = {isa = PBXFileReference; lastKnownFileType = sourcecode.swift; path = AppDelegate.swift; sourceTree = "<group>"; };
		E8700BA88C6C8160300BB3D0 /* Info.plist */ = {isa = PBXFileReference; lastKnownFileType = text.plist; path = Info.plist; sourceTree = "<group>"; };
		E956FDB51B819A19D60B48C5 /* Pods-AdsYieldAdapterSample.debug.xcconfig */ = {isa = PBXFileReference; includeInIndex = 1; lastKnownFileType = text.xcconfig; name = "Pods-AdsYieldAdapterSample.debug.xcconfig"; path = "Target Support Files/Pods-AdsYieldAdapterSample/Pods-AdsYieldAdapterSample.debug.xcconfig"; sourceTree = "<group>"; };
/* End PBXFileReference section */

/* Begin PBXFrameworksBuildPhase section */
		0ACB1791CE77872F12242DD8 /* Frameworks */ = {
			isa = PBXFrameworksBuildPhase;
			buildActionMask = 2147483647;
			files = (
				FAEBA56210F236D1226256EE /* Pods_AdsYieldAdapterSample.framework in Frameworks */,
			);
			runOnlyForDeploymentPostprocessing = 0;
		};
/* End PBXFrameworksBuildPhase section */

/* Begin PBXGroup section */
		021ADA5CB43CDEB6866B0B98 /* Products */ = {
			isa = PBXGroup;
			children = (
				C2FC9FEE84B993C343F91F7D /* AdsYieldAdapterSample.app */,
			);
			name = Products;
			sourceTree = "<group>";
		};
		439897E675F2920FB5C1F80C /* Sources */ = {
			isa = PBXGroup;
			children = (
				D4267AFDE533D1B91C89556E /* AppDelegate.swift */,
				E8700BA88C6C8160300BB3D0 /* Info.plist */,
				818D47257444B7A3A6B675B1 /* SceneDelegate.swift */,
				5495A68210046A964928C050 /* ViewController.swift */,
			);
			path = Sources;
			sourceTree = "<group>";
		};
		9A0872B63FB73A05E5C56813 /* Pods */ = {
			isa = PBXGroup;
			children = (
				E956FDB51B819A19D60B48C5 /* Pods-AdsYieldAdapterSample.debug.xcconfig */,
				8691D5249A03CD6520641204 /* Pods-AdsYieldAdapterSample.release.xcconfig */,
			);
			name = Pods;
			path = Pods;
			sourceTree = "<group>";
		};
		BF3B72DCFB1B890FBA9B2604 /* Frameworks */ = {
			isa = PBXGroup;
			children = (
				08E32314C939C77264E59630 /* Pods_AdsYieldAdapterSample.framework */,
			);
			name = Frameworks;
			sourceTree = "<group>";
		};
		E558B280C8666A5B432BC99C = {
			isa = PBXGroup;
			children = (
				439897E675F2920FB5C1F80C /* Sources */,
				021ADA5CB43CDEB6866B0B98 /* Products */,
				9A0872B63FB73A05E5C56813 /* Pods */,
				BF3B72DCFB1B890FBA9B2604 /* Frameworks */,
			);
			sourceTree = "<group>";
		};
/* End PBXGroup section */

/* Begin PBXNativeTarget section */
		A9453D766BAB84FE1B83F2DE /* AdsYieldAdapterSample */ = {
			isa = PBXNativeTarget;
			buildConfigurationList = CE0172AD8E988E16B49A1C6B /* Build configuration list for PBXNativeTarget "AdsYieldAdapterSample" */;
			buildPhases = (
				8C42C3B92877B31F2A0C38AC /* [CP] Check Pods Manifest.lock */,
				CA62CECDEEB907D36F96CA03 /* Sources */,
				0ACB1791CE77872F12242DD8 /* Frameworks */,
				B59345E1EE3A6A7BA8B56148 /* [CP] Copy Pods Resources */,
			);
			buildRules = (
			);
			dependencies = (
			);
			name = AdsYieldAdapterSample;
			productName = AdsYieldAdapterSample;
			productReference = C2FC9FEE84B993C343F91F7D /* AdsYieldAdapterSample.app */;
			productType = "com.apple.product-type.application";
		};
/* End PBXNativeTarget section */

/* Begin PBXProject section */
		71884784A8E46A3538F05DDA /* Project object */ = {
			isa = PBXProject;
			attributes = {
				BuildIndependentTargetsInParallel = YES;
				LastUpgradeCheck = 1620;
				TargetAttributes = {
					A9453D766BAB84FE1B83F2DE = {
						DevelopmentTeam = "";
					};
				};
			};
			buildConfigurationList = F9D1A818AEE6CC8B2488260C /* Build configuration list for PBXProject "AdsYieldAdapterSample" */;
			compatibilityVersion = "Xcode 14.0";
			developmentRegion = en;
			hasScannedForEncodings = 0;
			knownRegions = (
				Base,
				en,
			);
			mainGroup = E558B280C8666A5B432BC99C;
			minimizedProjectReferenceProxies = 1;
			preferredProjectObjectVersion = 54;
			productRefGroup = 021ADA5CB43CDEB6866B0B98 /* Products */;
			projectDirPath = "";
			projectRoot = "";
			targets = (
				A9453D766BAB84FE1B83F2DE /* AdsYieldAdapterSample */,
			);
		};
/* End PBXProject section */

/* Begin PBXShellScriptBuildPhase section */
		8C42C3B92877B31F2A0C38AC /* [CP] Check Pods Manifest.lock */ = {
			isa = PBXShellScriptBuildPhase;
			buildActionMask = 2147483647;
			files = (
			);
			inputFileListPaths = (
			);
			inputPaths = (
				"${PODS_PODFILE_DIR_PATH}/Podfile.lock",
				"${PODS_ROOT}/Manifest.lock",
			);
			name = "[CP] Check Pods Manifest.lock";
			outputFileListPaths = (
			);
			outputPaths = (
				"$(DERIVED_FILE_DIR)/Pods-AdsYieldAdapterSample-checkManifestLockResult.txt",
			);
			runOnlyForDeploymentPostprocessing = 0;
			shellPath = /bin/sh;
			shellScript = "diff \"${PODS_PODFILE_DIR_PATH}/Podfile.lock\" \"${PODS_ROOT}/Manifest.lock\" > /dev/null\nif [ $? != 0 ] ; then\n    # print error to STDERR\n    echo \"error: The sandbox is not in sync with the Podfile.lock. Run 'pod install' or update your CocoaPods installation.\" >&2\n    exit 1\nfi\n# This output is used by Xcode 'outputs' to avoid re-running this script phase.\necho \"SUCCESS\" > \"${SCRIPT_OUTPUT_FILE_0}\"\n";
			showEnvVarsInLog = 0;
		};
		B59345E1EE3A6A7BA8B56148 /* [CP] Copy Pods Resources */ = {
			isa = PBXShellScriptBuildPhase;
			buildActionMask = 2147483647;
			files = (
			);
			inputFileListPaths = (
				"${PODS_ROOT}/Target Support Files/Pods-AdsYieldAdapterSample/Pods-AdsYieldAdapterSample-resources-${CONFIGURATION}-input-files.xcfilelist",
			);
			name = "[CP] Copy Pods Resources";
			outputFileListPaths = (
				"${PODS_ROOT}/Target Support Files/Pods-AdsYieldAdapterSample/Pods-AdsYieldAdapterSample-resources-${CONFIGURATION}-output-files.xcfilelist",
			);
			runOnlyForDeploymentPostprocessing = 0;
			shellPath = /bin/sh;
			shellScript = "\"${PODS_ROOT}/Target Support Files/Pods-AdsYieldAdapterSample/Pods-AdsYieldAdapterSample-resources.sh\"\n";
			showEnvVarsInLog = 0;
		};
/* End PBXShellScriptBuildPhase section */

/* Begin PBXSourcesBuildPhase section */
		CA62CECDEEB907D36F96CA03 /* Sources */ = {
			isa = PBXSourcesBuildPhase;
			buildActionMask = 2147483647;
			files = (
				B01C8758C7BE0AEBB07E7845 /* AppDelegate.swift in Sources */,
				B42410FAAD75921774C393EB /* SceneDelegate.swift in Sources */,
				F50A1E5B36DAFCE1CC7F4AA1 /* ViewController.swift in Sources */,
			);
			runOnlyForDeploymentPostprocessing = 0;
		};
/* End PBXSourcesBuildPhase section */

/* Begin XCBuildConfiguration section */
		072B0B2B98A7B3EA04142F26 /* Release */ = {
			isa = XCBuildConfiguration;
			buildSettings = {
				ALWAYS_SEARCH_USER_PATHS = NO;
				CLANG_ANALYZER_NONNULL = YES;
				CLANG_ANALYZER_NUMBER_OBJECT_CONVERSION = YES_AGGRESSIVE;
				CLANG_CXX_LANGUAGE_STANDARD = "gnu++14";
				CLANG_CXX_LIBRARY = "libc++";
				CLANG_ENABLE_MODULES = YES;
				CLANG_ENABLE_OBJC_ARC = YES;
				CLANG_ENABLE_OBJC_WEAK = YES;
				CLANG_WARN_BLOCK_CAPTURE_AUTORELEASING = YES;
				CLANG_WARN_BOOL_CONVERSION = YES;
				CLANG_WARN_COMMA = YES;
				CLANG_WARN_CONSTANT_CONVERSION = YES;
				CLANG_WARN_DEPRECATED_OBJC_IMPLEMENTATIONS = YES;
				CLANG_WARN_DIRECT_OBJC_ISA_USAGE = YES_ERROR;
				CLANG_WARN_DOCUMENTATION_COMMENTS = YES;
				CLANG_WARN_EMPTY_BODY = YES;
				CLANG_WARN_ENUM_CONVERSION = YES;
				CLANG_WARN_INFINITE_RECURSION = YES;
				CLANG_WARN_INT_CONVERSION = YES;
				CLANG_WARN_NON_LITERAL_NULL_CONVERSION = YES;
				CLANG_WARN_OBJC_IMPLICIT_RETAIN_SELF = YES;
				CLANG_WARN_OBJC_LITERAL_CONVERSION = YES;
				CLANG_WARN_OBJC_ROOT_CLASS = YES_ERROR;
				CLANG_WARN_QUOTED_INCLUDE_IN_FRAMEWORK_HEADER = YES;
				CLANG_WARN_RANGE_LOOP_ANALYSIS = YES;
				CLANG_WARN_STRICT_PROTOTYPES = YES;
				CLANG_WARN_SUSPICIOUS_MOVE = YES;
				CLANG_WARN_UNGUARDED_AVAILABILITY = YES_AGGRESSIVE;
				CLANG_WARN_UNREACHABLE_CODE = YES;
				CLANG_WARN__DUPLICATE_METHOD_MATCH = YES;
				COPY_PHASE_STRIP = NO;
				DEBUG_INFORMATION_FORMAT = "dwarf-with-dsym";
				ENABLE_NS_ASSERTIONS = NO;
				ENABLE_STRICT_OBJC_MSGSEND = YES;
				GCC_C_LANGUAGE_STANDARD = gnu11;
				GCC_NO_COMMON_BLOCKS = YES;
				GCC_WARN_64_TO_32_BIT_CONVERSION = YES;
				GCC_WARN_ABOUT_RETURN_TYPE = YES_ERROR;
				GCC_WARN_UNDECLARED_SELECTOR = YES;
				GCC_WARN_UNINITIALIZED_AUTOS = YES_AGGRESSIVE;
				GCC_WARN_UNUSED_FUNCTION = YES;
				GCC_WARN_UNUSED_VARIABLE = YES;
				IPHONEOS_DEPLOYMENT_TARGET = 13.0;
				MTL_ENABLE_DEBUG_INFO = NO;
				MTL_FAST_MATH = YES;
				PRODUCT_NAME = "$(TARGET_NAME)";
				SDKROOT = iphoneos;
				SWIFT_COMPILATION_MODE = wholemodule;
				SWIFT_OPTIMIZATION_LEVEL = "-O";
				SWIFT_VERSION = 5;
			};
			name = Release;
		};
		227FBD80BFBAA334C4D9357B /* Debug */ = {
			isa = XCBuildConfiguration;
			baseConfigurationReference = E956FDB51B819A19D60B48C5 /* Pods-AdsYieldAdapterSample.debug.xcconfig */;
			buildSettings = {
				ASSETCATALOG_COMPILER_APPICON_NAME = AppIcon;
				CODE_SIGNING_ALLOWED = NO;
				CODE_SIGN_IDENTITY = "";
				DEVELOPMENT_TEAM = "";
				INFOPLIST_FILE = Sources/Info.plist;
				LD_RUNPATH_SEARCH_PATHS = (
					"$(inherited)",
					"@executable_path/Frameworks",
				);
				PRODUCT_BUNDLE_IDENTIFIER = com.adsyield.adapter.sample;
				SDKROOT = iphoneos;
				TARGETED_DEVICE_FAMILY = "1,2";
			};
			name = Debug;
		};
		49B8EADEAFEDE842644A7D7F /* Release */ = {
			isa = XCBuildConfiguration;
			baseConfigurationReference = 8691D5249A03CD6520641204 /* Pods-AdsYieldAdapterSample.release.xcconfig */;
			buildSettings = {
				ASSETCATALOG_COMPILER_APPICON_NAME = AppIcon;
				CODE_SIGNING_ALLOWED = NO;
				CODE_SIGN_IDENTITY = "";
				DEVELOPMENT_TEAM = "";
				INFOPLIST_FILE = Sources/Info.plist;
				LD_RUNPATH_SEARCH_PATHS = (
					"$(inherited)",
					"@executable_path/Frameworks",
				);
				PRODUCT_BUNDLE_IDENTIFIER = com.adsyield.adapter.sample;
				SDKROOT = iphoneos;
				TARGETED_DEVICE_FAMILY = "1,2";
			};
			name = Release;
		};
		6EAB9FAB4C9F508F719F9B4D /* Debug */ = {
			isa = XCBuildConfiguration;
			buildSettings = {
				ALWAYS_SEARCH_USER_PATHS = NO;
				CLANG_ANALYZER_NONNULL = YES;
				CLANG_ANALYZER_NUMBER_OBJECT_CONVERSION = YES_AGGRESSIVE;
				CLANG_CXX_LANGUAGE_STANDARD = "gnu++14";
				CLANG_CXX_LIBRARY = "libc++";
				CLANG_ENABLE_MODULES = YES;
				CLANG_ENABLE_OBJC_ARC = YES;
				CLANG_ENABLE_OBJC_WEAK = YES;
				CLANG_WARN_BLOCK_CAPTURE_AUTORELEASING = YES;
				CLANG_WARN_BOOL_CONVERSION = YES;
				CLANG_WARN_COMMA = YES;
				CLANG_WARN_CONSTANT_CONVERSION = YES;
				CLANG_WARN_DEPRECATED_OBJC_IMPLEMENTATIONS = YES;
				CLANG_WARN_DIRECT_OBJC_ISA_USAGE = YES_ERROR;
				CLANG_WARN_DOCUMENTATION_COMMENTS = YES;
				CLANG_WARN_EMPTY_BODY = YES;
				CLANG_WARN_ENUM_CONVERSION = YES;
				CLANG_WARN_INFINITE_RECURSION = YES;
				CLANG_WARN_INT_CONVERSION = YES;
				CLANG_WARN_NON_LITERAL_NULL_CONVERSION = YES;
				CLANG_WARN_OBJC_IMPLICIT_RETAIN_SELF = YES;
				CLANG_WARN_OBJC_LITERAL_CONVERSION = YES;
				CLANG_WARN_OBJC_ROOT_CLASS = YES_ERROR;
				CLANG_WARN_QUOTED_INCLUDE_IN_FRAMEWORK_HEADER = YES;
				CLANG_WARN_RANGE_LOOP_ANALYSIS = YES;
				CLANG_WARN_STRICT_PROTOTYPES = YES;
				CLANG_WARN_SUSPICIOUS_MOVE = YES;
				CLANG_WARN_UNGUARDED_AVAILABILITY = YES_AGGRESSIVE;
				CLANG_WARN_UNREACHABLE_CODE = YES;
				CLANG_WARN__DUPLICATE_METHOD_MATCH = YES;
				COPY_PHASE_STRIP = NO;
				DEBUG_INFORMATION_FORMAT = dwarf;
				ENABLE_STRICT_OBJC_MSGSEND = YES;
				ENABLE_TESTABILITY = YES;
				GCC_C_LANGUAGE_STANDARD = gnu11;
				GCC_DYNAMIC_NO_PIC = NO;
				GCC_NO_COMMON_BLOCKS = YES;
				GCC_OPTIMIZATION_LEVEL = 0;
				GCC_PREPROCESSOR_DEFINITIONS = (
					"$(inherited)",
					"DEBUG=1",
				);
				GCC_WARN_64_TO_32_BIT_CONVERSION = YES;
				GCC_WARN_ABOUT_RETURN_TYPE = YES_ERROR;
				GCC_WARN_UNDECLARED_SELECTOR = YES;
				GCC_WARN_UNINITIALIZED_AUTOS = YES_AGGRESSIVE;
				GCC_WARN_UNUSED_FUNCTION = YES;
				GCC_WARN_UNUSED_VARIABLE = YES;
				IPHONEOS_DEPLOYMENT_TARGET = 13.0;
				MTL_ENABLE_DEBUG_INFO = INCLUDE_SOURCE;
				MTL_FAST_MATH = YES;
				ONLY_ACTIVE_ARCH = YES;
				PRODUCT_NAME = "$(TARGET_NAME)";
				SDKROOT = iphoneos;
				SWIFT_ACTIVE_COMPILATION_CONDITIONS = DEBUG;
				SWIFT_OPTIMIZATION_LEVEL = "-Onone";
				SWIFT_VERSION = 5;
			};
			name = Debug;
		};
/* End XCBuildConfiguration section */

/* Begin XCConfigurationList section */
		CE0172AD8E988E16B49A1C6B /* Build configuration list for PBXNativeTarget "AdsYieldAdapterSample" */ = {
			isa = XCConfigurationList;
			buildConfigurations = (
				227FBD80BFBAA334C4D9357B /* Debug */,
				49B8EADEAFEDE842644A7D7F /* Release */,
			);
			defaultConfigurationIsVisible = 0;
			defaultConfigurationName = Debug;
		};
		F9D1A818AEE6CC8B2488260C /* Build configuration list for PBXProject "AdsYieldAdapterSample" */ = {
			isa = XCConfigurationList;
			buildConfigurations = (
				6EAB9FAB4C9F508F719F9B4D /* Debug */,
				072B0B2B98A7B3EA04142F26 /* Release */,
			);
			defaultConfigurationIsVisible = 0;
			defaultConfigurationName = Debug;
		};
/* End XCConfigurationList section */
	};
	rootObject = 71884784A8E46A3538F05DDA /* Project object */;
}
